// !$*UTF8*$!
{
	archiveVersion = 1;
	classes = {
	};
	objectVersion = 46;
	objects = {

/* Begin PBXBuildFile section */
		4A20D28E1EB140FD00B10BA5 /* ApiManager.swift in Sources */ = {isa = PBXBuildFile; fileRef = 4A20D28C1EB140FD00B10BA5 /* ApiManager.swift */; };
		4A20D2A81EB14C0600B10BA5 /* Timer+CoreDataClass.swift in Sources */ = {isa = PBXBuildFile; fileRef = 4A20D2A21EB14C0600B10BA5 /* Timer+CoreDataClass.swift */; };
		4A20D2A91EB14C0600B10BA5 /* Timer+CoreDataProperties.swift in Sources */ = {isa = PBXBuildFile; fileRef = 4A20D2A31EB14C0600B10BA5 /* Timer+CoreDataProperties.swift */; };
		4A20D2AA1EB14C0600B10BA5 /* ProductCategory+CoreDataClass.swift in Sources */ = {isa = PBXBuildFile; fileRef = 4A20D2A41EB14C0600B10BA5 /* ProductCategory+CoreDataClass.swift */; };
		4A20D2AB1EB14C0600B10BA5 /* ProductCategory+CoreDataProperties.swift in Sources */ = {isa = PBXBuildFile; fileRef = 4A20D2A51EB14C0600B10BA5 /* ProductCategory+CoreDataProperties.swift */; };
		4A20D2AC1EB14C0600B10BA5 /* Product+CoreDataClass.swift in Sources */ = {isa = PBXBuildFile; fileRef = 4A20D2A61EB14C0600B10BA5 /* Product+CoreDataClass.swift */; };
		4A20D2AD1EB14C0600B10BA5 /* Product+CoreDataProperties.swift in Sources */ = {isa = PBXBuildFile; fileRef = 4A20D2A71EB14C0600B10BA5 /* Product+CoreDataProperties.swift */; };
		4A20D2AF1EB14CA800B10BA5 /* UIColor+hex.swift in Sources */ = {isa = PBXBuildFile; fileRef = 4A20D2AE1EB14CA800B10BA5 /* UIColor+hex.swift */; };
		4A20D2B11EB23FCE00B10BA5 /* ProductsListViewController.swift in Sources */ = {isa = PBXBuildFile; fileRef = 4A20D2B01EB23FCE00B10BA5 /* ProductsListViewController.swift */; };
		4A752A9B1EB279FF0097DE54 /* BaseViewController.swift in Sources */ = {isa = PBXBuildFile; fileRef = 4A752A9A1EB279FF0097DE54 /* BaseViewController.swift */; };
		4A8CFA551EAC85E50077B7BE /* Boil_Clock.xcdatamodeld in Sources */ = {isa = PBXBuildFile; fileRef = 4AEB84D41EAA4F36005B7C9D /* Boil_Clock.xcdatamodeld */; };
		4A8CFA631EAD3E460077B7BE /* CoreDataManager.swift in Sources */ = {isa = PBXBuildFile; fileRef = 4A8CFA611EAD3E460077B7BE /* CoreDataManager.swift */; };
		4A8CFA791EADEF2C0077B7BE /* CustomCollectionViewCell.swift in Sources */ = {isa = PBXBuildFile; fileRef = 4A8CFA6F1EADEF2C0077B7BE /* CustomCollectionViewCell.swift */; };
		4A8CFA7A1EADEF2C0077B7BE /* HomeViewController.swift in Sources */ = {isa = PBXBuildFile; fileRef = 4A8CFA701EADEF2C0077B7BE /* HomeViewController.swift */; };
		4A8CFA7B1EADEF2C0077B7BE /* MenuViewController.swift in Sources */ = {isa = PBXBuildFile; fileRef = 4A8CFA721EADEF2C0077B7BE /* MenuViewController.swift */; };
		4A8CFA7C1EADEF2C0077B7BE /* RootViewController.swift in Sources */ = {isa = PBXBuildFile; fileRef = 4A8CFA731EADEF2C0077B7BE /* RootViewController.swift */; };
		4A8CFA7D1EADEF2C0077B7BE /* ProductPageViewController.swift in Sources */ = {isa = PBXBuildFile; fileRef = 4A8CFA751EADEF2C0077B7BE /* ProductPageViewController.swift */; };
		4A8CFA7F1EADEF2C0077B7BE /* ProductCollectionViewCell.swift in Sources */ = {isa = PBXBuildFile; fileRef = 4A8CFA781EADEF2C0077B7BE /* ProductCollectionViewCell.swift */; };
		4AEB84841EAA45A3005B7C9D /* AppDelegate.swift in Sources */ = {isa = PBXBuildFile; fileRef = 4AEB847F1EAA45A3005B7C9D /* AppDelegate.swift */; };
		4AEB84B81EAA499F005B7C9D /* Main.storyboard in Resources */ = {isa = PBXBuildFile; fileRef = 4AEB848F1EAA499F005B7C9D /* Main.storyboard */; };
		4AEB84D61EAA4F36005B7C9D /* Assets.xcassets in Resources */ = {isa = PBXBuildFile; fileRef = 4AEB84D31EAA4F36005B7C9D /* Assets.xcassets */; };
		4AEB84E11EAA6CB5005B7C9D /* Podfile.lock in Resources */ = {isa = PBXBuildFile; fileRef = 4AEB84E01EAA6CB5005B7C9D /* Podfile.lock */; };
		4AEB84EC1EAA84DC005B7C9D /* open-sans-bold.ttf in Resources */ = {isa = PBXBuildFile; fileRef = 4AEB84E91EAA799C005B7C9D /* open-sans-bold.ttf */; };
		4AEB84EE1EAA84E2005B7C9D /* STIXGeneral-Regular.otf in Resources */ = {isa = PBXBuildFile; fileRef = 4AEB84EB1EAA799C005B7C9D /* STIXGeneral-Regular.otf */; };
		4AEEE24E1EA67BA700E3FC22 /* Constants.swift in Sources */ = {isa = PBXBuildFile; fileRef = 4AEEE24C1EA67BA700E3FC22 /* Constants.swift */; };
		4AF60B441EBB43AF00BDC34F /* DropDown.swift in Sources */ = {isa = PBXBuildFile; fileRef = 4AF60B431EBB43AF00BDC34F /* DropDown.swift */; };
		4AF60B481EBB80D900BDC34F /* DropDownCell.swift in Sources */ = {isa = PBXBuildFile; fileRef = 4AF60B471EBB80D900BDC34F /* DropDownCell.swift */; };
		B730E602BC62593A9B9599CA /* Pods_Boil_Clock.framework in Frameworks */ = {isa = PBXBuildFile; fileRef = 9E73A541ED29CFF1A2D48A9C /* Pods_Boil_Clock.framework */; };
/* End PBXBuildFile section */

/* Begin PBXFileReference section */
		4A20D28C1EB140FD00B10BA5 /* ApiManager.swift */ = {isa = PBXFileReference; fileEncoding = 4; lastKnownFileType = sourcecode.swift; path = ApiManager.swift; sourceTree = "<group>"; };
		4A20D2A21EB14C0600B10BA5 /* Timer+CoreDataClass.swift */ = {isa = PBXFileReference; fileEncoding = 4; lastKnownFileType = sourcecode.swift; name = "Timer+CoreDataClass.swift"; path = "managedObjects/Timer+CoreDataClass.swift"; sourceTree = "<group>"; };
		4A20D2A31EB14C0600B10BA5 /* Timer+CoreDataProperties.swift */ = {isa = PBXFileReference; fileEncoding = 4; lastKnownFileType = sourcecode.swift; name = "Timer+CoreDataProperties.swift"; path = "managedObjects/Timer+CoreDataProperties.swift"; sourceTree = "<group>"; };
		4A20D2A41EB14C0600B10BA5 /* ProductCategory+CoreDataClass.swift */ = {isa = PBXFileReference; fileEncoding = 4; lastKnownFileType = sourcecode.swift; name = "ProductCategory+CoreDataClass.swift"; path = "managedObjects/ProductCategory+CoreDataClass.swift"; sourceTree = "<group>"; };
		4A20D2A51EB14C0600B10BA5 /* ProductCategory+CoreDataProperties.swift */ = {isa = PBXFileReference; fileEncoding = 4; lastKnownFileType = sourcecode.swift; name = "ProductCategory+CoreDataProperties.swift"; path = "managedObjects/ProductCategory+CoreDataProperties.swift"; sourceTree = "<group>"; };
		4A20D2A61EB14C0600B10BA5 /* Product+CoreDataClass.swift */ = {isa = PBXFileReference; fileEncoding = 4; lastKnownFileType = sourcecode.swift; name = "Product+CoreDataClass.swift"; path = "managedObjects/Product+CoreDataClass.swift"; sourceTree = "<group>"; };
		4A20D2A71EB14C0600B10BA5 /* Product+CoreDataProperties.swift */ = {isa = PBXFileReference; fileEncoding = 4; lastKnownFileType = sourcecode.swift; name = "Product+CoreDataProperties.swift"; path = "managedObjects/Product+CoreDataProperties.swift"; sourceTree = "<group>"; };
		4A20D2AE1EB14CA800B10BA5 /* UIColor+hex.swift */ = {isa = PBXFileReference; fileEncoding = 4; lastKnownFileType = sourcecode.swift; path = "UIColor+hex.swift"; sourceTree = "<group>"; };
		4A20D2B01EB23FCE00B10BA5 /* ProductsListViewController.swift */ = {isa = PBXFileReference; fileEncoding = 4; lastKnownFileType = sourcecode.swift; path = ProductsListViewController.swift; sourceTree = "<group>"; };
		4A752A9A1EB279FF0097DE54 /* BaseViewController.swift */ = {isa = PBXFileReference; fileEncoding = 4; lastKnownFileType = sourcecode.swift; path = BaseViewController.swift; sourceTree = "<group>"; };
		4A8CFA611EAD3E460077B7BE /* CoreDataManager.swift */ = {isa = PBXFileReference; fileEncoding = 4; lastKnownFileType = sourcecode.swift; path = CoreDataManager.swift; sourceTree = "<group>"; };
		4A8CFA6F1EADEF2C0077B7BE /* CustomCollectionViewCell.swift */ = {isa = PBXFileReference; fileEncoding = 4; lastKnownFileType = sourcecode.swift; path = CustomCollectionViewCell.swift; sourceTree = "<group>"; };
		4A8CFA701EADEF2C0077B7BE /* HomeViewController.swift */ = {isa = PBXFileReference; fileEncoding = 4; lastKnownFileType = sourcecode.swift; path = HomeViewController.swift; sourceTree = "<group>"; };
		4A8CFA721EADEF2C0077B7BE /* MenuViewController.swift */ = {isa = PBXFileReference; fileEncoding = 4; lastKnownFileType = sourcecode.swift; path = MenuViewController.swift; sourceTree = "<group>"; };
		4A8CFA731EADEF2C0077B7BE /* RootViewController.swift */ = {isa = PBXFileReference; fileEncoding = 4; lastKnownFileType = sourcecode.swift; path = RootViewController.swift; sourceTree = "<group>"; };
		4A8CFA751EADEF2C0077B7BE /* ProductPageViewController.swift */ = {isa = PBXFileReference; fileEncoding = 4; lastKnownFileType = sourcecode.swift; path = ProductPageViewController.swift; sourceTree = "<group>"; };
		4A8CFA781EADEF2C0077B7BE /* ProductCollectionViewCell.swift */ = {isa = PBXFileReference; fileEncoding = 4; lastKnownFileType = sourcecode.swift; path = ProductCollectionViewCell.swift; sourceTree = "<group>"; };
		4AEB847F1EAA45A3005B7C9D /* AppDelegate.swift */ = {isa = PBXFileReference; fileEncoding = 4; lastKnownFileType = sourcecode.swift; path = AppDelegate.swift; sourceTree = "<group>"; };
		4AEB84901EAA499F005B7C9D /* Base */ = {isa = PBXFileReference; lastKnownFileType = file.storyboard; name = Base; path = Base.lproj/Main.storyboard; sourceTree = "<group>"; };
		4AEB84951EAA499F005B7C9D /* Info.plist */ = {isa = PBXFileReference; fileEncoding = 4; lastKnownFileType = text.plist.xml; path = Info.plist; sourceTree = "<group>"; };
		4AEB84D31EAA4F36005B7C9D /* Assets.xcassets */ = {isa = PBXFileReference; lastKnownFileType = folder.assetcatalog; path = Assets.xcassets; sourceTree = "<group>"; };
		4AEB84D51EAA4F36005B7C9D /* Boil_Clock.xcdatamodel */ = {isa = PBXFileReference; lastKnownFileType = wrapper.xcdatamodel; path = Boil_Clock.xcdatamodel; sourceTree = "<group>"; };
		4AEB84E01EAA6CB5005B7C9D /* Podfile.lock */ = {isa = PBXFileReference; fileEncoding = 4; lastKnownFileType = text; path = Podfile.lock; sourceTree = "<group>"; };
		4AEB84E91EAA799C005B7C9D /* open-sans-bold.ttf */ = {isa = PBXFileReference; lastKnownFileType = file; path = "open-sans-bold.ttf"; sourceTree = "<group>"; };
		4AEB84EB1EAA799C005B7C9D /* STIXGeneral-Regular.otf */ = {isa = PBXFileReference; lastKnownFileType = file; path = "STIXGeneral-Regular.otf"; sourceTree = "<group>"; };
		4AEEE2311EA6715300E3FC22 /* Boil Clock.app */ = {isa = PBXFileReference; explicitFileType = wrapper.application; includeInIndex = 0; path = "Boil Clock.app"; sourceTree = BUILT_PRODUCTS_DIR; };
		4AEEE24C1EA67BA700E3FC22 /* Constants.swift */ = {isa = PBXFileReference; fileEncoding = 4; lastKnownFileType = sourcecode.swift; path = Constants.swift; sourceTree = "<group>"; };
		4AF60B431EBB43AF00BDC34F /* DropDown.swift */ = {isa = PBXFileReference; fileEncoding = 4; lastKnownFileType = sourcecode.swift; path = DropDown.swift; sourceTree = "<group>"; };
		4AF60B471EBB80D900BDC34F /* DropDownCell.swift */ = {isa = PBXFileReference; fileEncoding = 4; lastKnownFileType = sourcecode.swift; path = DropDownCell.swift; sourceTree = "<group>"; };
		63799CD27DCC57CF23488C33 /* Pods-Boil Clock.debug.xcconfig */ = {isa = PBXFileReference; includeInIndex = 1; lastKnownFileType = text.xcconfig; name = "Pods-Boil Clock.debug.xcconfig"; path = "Pods/Target Support Files/Pods-Boil Clock/Pods-Boil Clock.debug.xcconfig"; sourceTree = "<group>"; };
		9E73A541ED29CFF1A2D48A9C /* Pods_Boil_Clock.framework */ = {isa = PBXFileReference; explicitFileType = wrapper.framework; includeInIndex = 0; path = Pods_Boil_Clock.framework; sourceTree = BUILT_PRODUCTS_DIR; };
		D9A7F7C46549D682644156F7 /* Pods-Boil Clock.release.xcconfig */ = {isa = PBXFileReference; includeInIndex = 1; lastKnownFileType = text.xcconfig; name = "Pods-Boil Clock.release.xcconfig"; path = "Pods/Target Support Files/Pods-Boil Clock/Pods-Boil Clock.release.xcconfig"; sourceTree = "<group>"; };
/* End PBXFileReference section */

/* Begin PBXFrameworksBuildPhase section */
		4AEEE22E1EA6715300E3FC22 /* Frameworks */ = {
			isa = PBXFrameworksBuildPhase;
			buildActionMask = 2147483647;
			files = (
				B730E602BC62593A9B9599CA /* Pods_Boil_Clock.framework in Frameworks */,
			);
			runOnlyForDeploymentPostprocessing = 0;
		};
/* End PBXFrameworksBuildPhase section */

/* Begin PBXGroup section */
		4A20D28B1EB140FD00B10BA5 /* server */ = {
			isa = PBXGroup;
			children = (
				4A20D28C1EB140FD00B10BA5 /* ApiManager.swift */,
				4A20D28D1EB140FD00B10BA5 /* base */,
			);
			path = server;
			sourceTree = "<group>";
		};
		4A20D28D1EB140FD00B10BA5 /* base */ = {
			isa = PBXGroup;
			children = (
			);
			path = base;
			sourceTree = "<group>";
		};
		4A20D28F1EB1422900B10BA5 /* extensions */ = {
			isa = PBXGroup;
			children = (
				4A20D2901EB1422900B10BA5 /* Foundatin */,
				4A20D2931EB1422900B10BA5 /* UIKit */,
			);
			path = extensions;
			sourceTree = "<group>";
		};
		4A20D2901EB1422900B10BA5 /* Foundatin */ = {
			isa = PBXGroup;
			children = (
			);
			path = Foundatin;
			sourceTree = "<group>";
		};
		4A20D2931EB1422900B10BA5 /* UIKit */ = {
			isa = PBXGroup;
			children = (
				4A20D2941EB1422900B10BA5 /* graphicsCommon */,
			);
			path = UIKit;
			sourceTree = "<group>";
		};
		4A20D2941EB1422900B10BA5 /* graphicsCommon */ = {
			isa = PBXGroup;
			children = (
				4A20D2AE1EB14CA800B10BA5 /* UIColor+hex.swift */,
			);
			path = graphicsCommon;
			sourceTree = "<group>";
		};
		4A752A8F1EB26ED20097DE54 /* lib */ = {
			isa = PBXGroup;
			children = (
			);
			name = lib;
			path = ../lib;
			sourceTree = "<group>";
		};
		4A752A991EB279CD0097DE54 /* base */ = {
			isa = PBXGroup;
			children = (
				4A752A9A1EB279FF0097DE54 /* BaseViewController.swift */,
				4AF60B431EBB43AF00BDC34F /* DropDown.swift */,
				4AF60B471EBB80D900BDC34F /* DropDownCell.swift */,
			);
			path = base;
			sourceTree = "<group>";
		};
		4A8CFA601EAD3E460077B7BE /* coreData */ = {
			isa = PBXGroup;
			children = (
				4A20D2A21EB14C0600B10BA5 /* Timer+CoreDataClass.swift */,
				4A20D2A31EB14C0600B10BA5 /* Timer+CoreDataProperties.swift */,
				4A20D2A41EB14C0600B10BA5 /* ProductCategory+CoreDataClass.swift */,
				4A20D2A51EB14C0600B10BA5 /* ProductCategory+CoreDataProperties.swift */,
				4A20D2A61EB14C0600B10BA5 /* Product+CoreDataClass.swift */,
				4A20D2A71EB14C0600B10BA5 /* Product+CoreDataProperties.swift */,
				4A8CFA611EAD3E460077B7BE /* CoreDataManager.swift */,
			);
			path = coreData;
			sourceTree = "<group>";
		};
		4A8CFA6D1EADEF2C0077B7BE /* ui */ = {
			isa = PBXGroup;
			children = (
				4A752A991EB279CD0097DE54 /* base */,
				4A8CFA6E1EADEF2C0077B7BE /* home */,
				4A8CFA711EADEF2C0077B7BE /* menu */,
				4A8CFA741EADEF2C0077B7BE /* product_page */,
				4A8CFA761EADEF2C0077B7BE /* products_list */,
			);
			path = ui;
			sourceTree = "<group>";
		};
		4A8CFA6E1EADEF2C0077B7BE /* home */ = {
			isa = PBXGroup;
			children = (
				4A8CFA6F1EADEF2C0077B7BE /* CustomCollectionViewCell.swift */,
				4A8CFA781EADEF2C0077B7BE /* ProductCollectionViewCell.swift */,
				4A8CFA701EADEF2C0077B7BE /* HomeViewController.swift */,
			);
			path = home;
			sourceTree = "<group>";
		};
		4A8CFA711EADEF2C0077B7BE /* menu */ = {
			isa = PBXGroup;
			children = (
				4A8CFA721EADEF2C0077B7BE /* MenuViewController.swift */,
				4A8CFA731EADEF2C0077B7BE /* RootViewController.swift */,
			);
			path = menu;
			sourceTree = "<group>";
		};
		4A8CFA741EADEF2C0077B7BE /* product_page */ = {
			isa = PBXGroup;
			children = (
				4A8CFA751EADEF2C0077B7BE /* ProductPageViewController.swift */,
			);
			path = product_page;
			sourceTree = "<group>";
		};
		4A8CFA761EADEF2C0077B7BE /* products_list */ = {
			isa = PBXGroup;
			children = (
				4A20D2B01EB23FCE00B10BA5 /* ProductsListViewController.swift */,
			);
			path = products_list;
			sourceTree = "<group>";
		};
		4AEB848C1EAA499F005B7C9D /* prj */ = {
			isa = PBXGroup;
			children = (
				4AEB848F1EAA499F005B7C9D /* Main.storyboard */,
				4AEB84E01EAA6CB5005B7C9D /* Podfile.lock */,
				4AEB84951EAA499F005B7C9D /* Info.plist */,
			);
			name = prj;
			sourceTree = "<group>";
		};
		4AEB84D21EAA4F36005B7C9D /* res */ = {
			isa = PBXGroup;
			children = (
				4AEB84D31EAA4F36005B7C9D /* Assets.xcassets */,
				4AEB84D41EAA4F36005B7C9D /* Boil_Clock.xcdatamodeld */,
			);
			name = res;
			path = ../res;
			sourceTree = "<group>";
		};
		4AEB84D81EAA53B0005B7C9D /* fonts */ = {
			isa = PBXGroup;
			children = (
				4AEB84E91EAA799C005B7C9D /* open-sans-bold.ttf */,
				4AEB84EB1EAA799C005B7C9D /* STIXGeneral-Regular.otf */,
			);
			name = fonts;
			path = ../res/fonts;
			sourceTree = "<group>";
		};
		4AEEE2281EA6715300E3FC22 = {
			isa = PBXGroup;
			children = (
				4A752A8F1EB26ED20097DE54 /* lib */,
				4AEB84D81EAA53B0005B7C9D /* fonts */,
				4AEB84D21EAA4F36005B7C9D /* res */,
				4AEB848C1EAA499F005B7C9D /* prj */,
				4AEEE24A1EA67BA700E3FC22 /* src */,
				4AEEE2321EA6715300E3FC22 /* Products */,
				C75C49DCAF281A89FF27E6C4 /* Frameworks */,
				5B0AD5AC2557D1B229BF6D58 /* Pods */,
			);
			sourceTree = "<group>";
		};
		4AEEE2321EA6715300E3FC22 /* Products */ = {
			isa = PBXGroup;
			children = (
				4AEEE2311EA6715300E3FC22 /* Boil Clock.app */,
			);
			name = Products;
			sourceTree = "<group>";
		};
		4AEEE24A1EA67BA700E3FC22 /* src */ = {
			isa = PBXGroup;
			children = (
				4A20D28F1EB1422900B10BA5 /* extensions */,
				4A20D28B1EB140FD00B10BA5 /* server */,
				4A8CFA6D1EADEF2C0077B7BE /* ui */,
				4AEEE24B1EA67BA700E3FC22 /* data */,
				4AEB847F1EAA45A3005B7C9D /* AppDelegate.swift */,
			);
			name = src;
			path = ../src;
			sourceTree = "<group>";
		};
		4AEEE24B1EA67BA700E3FC22 /* data */ = {
			isa = PBXGroup;
			children = (
				4A8CFA601EAD3E460077B7BE /* coreData */,
				4AEEE24C1EA67BA700E3FC22 /* Constants.swift */,
			);
			name = data;
			path = ../src/data;
			sourceTree = "<group>";
		};
		5B0AD5AC2557D1B229BF6D58 /* Pods */ = {
			isa = PBXGroup;
			children = (
				63799CD27DCC57CF23488C33 /* Pods-Boil Clock.debug.xcconfig */,
				D9A7F7C46549D682644156F7 /* Pods-Boil Clock.release.xcconfig */,
			);
			name = Pods;
			sourceTree = "<group>";
		};
		C75C49DCAF281A89FF27E6C4 /* Frameworks */ = {
			isa = PBXGroup;
			children = (
				9E73A541ED29CFF1A2D48A9C /* Pods_Boil_Clock.framework */,
			);
			name = Frameworks;
			sourceTree = "<group>";
		};
/* End PBXGroup section */

/* Begin PBXNativeTarget section */
		4AEEE2301EA6715300E3FC22 /* Boil Clock */ = {
			isa = PBXNativeTarget;
			buildConfigurationList = 4AEEE2461EA6715300E3FC22 /* Build configuration list for PBXNativeTarget "Boil Clock" */;
			buildPhases = (
				4E607F07411693D622CE27D1 /* [CP] Check Pods Manifest.lock */,
				4AEEE22D1EA6715300E3FC22 /* Sources */,
				4AEEE22E1EA6715300E3FC22 /* Frameworks */,
				4AEEE22F1EA6715300E3FC22 /* Resources */,
				3D7178523574208F490CEB91 /* [CP] Embed Pods Frameworks */,
				E177024D9B529FE18B47B539 /* [CP] Copy Pods Resources */,
			);
			buildRules = (
			);
			dependencies = (
			);
			name = "Boil Clock";
			productName = "Boil Clock";
			productReference = 4AEEE2311EA6715300E3FC22 /* Boil Clock.app */;
			productType = "com.apple.product-type.application";
		};
/* End PBXNativeTarget section */

/* Begin PBXProject section */
		4AEEE2291EA6715300E3FC22 /* Project object */ = {
			isa = PBXProject;
			attributes = {
				LastSwiftUpdateCheck = 0820;
				LastUpgradeCheck = 0820;
				ORGANIZATIONNAME = anka;
				TargetAttributes = {
					4AEEE2301EA6715300E3FC22 = {
						CreatedOnToolsVersion = 8.2.1;
						DevelopmentTeam = P99QFLTPH8;
						ProvisioningStyle = Automatic;
						SystemCapabilities = {
							com.apple.Push = {
								enabled = 0;
							};
						};
					};
				};
			};
			buildConfigurationList = 4AEEE22C1EA6715300E3FC22 /* Build configuration list for PBXProject "Boil Clock" */;
			compatibilityVersion = "Xcode 3.2";
			developmentRegion = English;
			hasScannedForEncodings = 0;
			knownRegions = (
				en,
				Base,
			);
			mainGroup = 4AEEE2281EA6715300E3FC22;
			productRefGroup = 4AEEE2321EA6715300E3FC22 /* Products */;
			projectDirPath = "";
			projectRoot = "";
			targets = (
				4AEEE2301EA6715300E3FC22 /* Boil Clock */,
			);
		};
/* End PBXProject section */

/* Begin PBXResourcesBuildPhase section */
		4AEEE22F1EA6715300E3FC22 /* Resources */ = {
			isa = PBXResourcesBuildPhase;
			buildActionMask = 2147483647;
			files = (
				4AEB84D61EAA4F36005B7C9D /* Assets.xcassets in Resources */,
				4AEB84B81EAA499F005B7C9D /* Main.storyboard in Resources */,
				4AEB84EC1EAA84DC005B7C9D /* open-sans-bold.ttf in Resources */,
				4AEB84E11EAA6CB5005B7C9D /* Podfile.lock in Resources */,
				4AEB84EE1EAA84E2005B7C9D /* STIXGeneral-Regular.otf in Resources */,
			);
			runOnlyForDeploymentPostprocessing = 0;
		};
/* End PBXResourcesBuildPhase section */

/* Begin PBXShellScriptBuildPhase section */
		3D7178523574208F490CEB91 /* [CP] Embed Pods Frameworks */ = {
			isa = PBXShellScriptBuildPhase;
			buildActionMask = 2147483647;
			files = (
			);
			inputPaths = (
			);
			name = "[CP] Embed Pods Frameworks";
			outputPaths = (
			);
			runOnlyForDeploymentPostprocessing = 0;
			shellPath = /bin/sh;
			shellScript = "\"${SRCROOT}/Pods/Target Support Files/Pods-Boil Clock/Pods-Boil Clock-frameworks.sh\"\n";
			showEnvVarsInLog = 0;
		};
		4E607F07411693D622CE27D1 /* [CP] Check Pods Manifest.lock */ = {
			isa = PBXShellScriptBuildPhase;
			buildActionMask = 2147483647;
			files = (
			);
			inputPaths = (
			);
			name = "[CP] Check Pods Manifest.lock";
			outputPaths = (
			);
			runOnlyForDeploymentPostprocessing = 0;
			shellPath = /bin/sh;
			shellScript = "diff \"${PODS_ROOT}/../Podfile.lock\" \"${PODS_ROOT}/Manifest.lock\" > /dev/null\nif [ $? != 0 ] ; then\n    # print error to STDERR\n    echo \"error: The sandbox is not in sync with the Podfile.lock. Run 'pod install' or update your CocoaPods installation.\" >&2\n    exit 1\nfi\n";
			showEnvVarsInLog = 0;
		};
		E177024D9B529FE18B47B539 /* [CP] Copy Pods Resources */ = {
			isa = PBXShellScriptBuildPhase;
			buildActionMask = 2147483647;
			files = (
			);
			inputPaths = (
			);
			name = "[CP] Copy Pods Resources";
			outputPaths = (
			);
			runOnlyForDeploymentPostprocessing = 0;
			shellPath = /bin/sh;
			shellScript = "\"${SRCROOT}/Pods/Target Support Files/Pods-Boil Clock/Pods-Boil Clock-resources.sh\"\n";
			showEnvVarsInLog = 0;
		};
/* End PBXShellScriptBuildPhase section */

/* Begin PBXSourcesBuildPhase section */
		4AEEE22D1EA6715300E3FC22 /* Sources */ = {
			isa = PBXSourcesBuildPhase;
			buildActionMask = 2147483647;
			files = (
				4AF60B481EBB80D900BDC34F /* DropDownCell.swift in Sources */,
				4AEB84841EAA45A3005B7C9D /* AppDelegate.swift in Sources */,
				4A8CFA791EADEF2C0077B7BE /* CustomCollectionViewCell.swift in Sources */,
				4A8CFA7F1EADEF2C0077B7BE /* ProductCollectionViewCell.swift in Sources */,
				4A8CFA631EAD3E460077B7BE /* CoreDataManager.swift in Sources */,
				4A20D2AA1EB14C0600B10BA5 /* ProductCategory+CoreDataClass.swift in Sources */,
				4AF60B441EBB43AF00BDC34F /* DropDown.swift in Sources */,
				4A752A9B1EB279FF0097DE54 /* BaseViewController.swift in Sources */,
				4A8CFA7C1EADEF2C0077B7BE /* RootViewController.swift in Sources */,
				4A8CFA7A1EADEF2C0077B7BE /* HomeViewController.swift in Sources */,
				4A20D2AD1EB14C0600B10BA5 /* Product+CoreDataProperties.swift in Sources */,
				4A8CFA7B1EADEF2C0077B7BE /* MenuViewController.swift in Sources */,
				4A8CFA7D1EADEF2C0077B7BE /* ProductPageViewController.swift in Sources */,
				4AEEE24E1EA67BA700E3FC22 /* Constants.swift in Sources */,
				4A8CFA551EAC85E50077B7BE /* Boil_Clock.xcdatamodeld in Sources */,
				4A20D2AC1EB14C0600B10BA5 /* Product+CoreDataClass.swift in Sources */,
				4A20D2A91EB14C0600B10BA5 /* Timer+CoreDataProperties.swift in Sources */,
				4A20D2AB1EB14C0600B10BA5 /* ProductCategory+CoreDataProperties.swift in Sources */,
				4A20D2B11EB23FCE00B10BA5 /* ProductsListViewController.swift in Sources */,
				4A20D2AF1EB14CA800B10BA5 /* UIColor+hex.swift in Sources */,
				4A20D28E1EB140FD00B10BA5 /* ApiManager.swift in Sources */,
				4A20D2A81EB14C0600B10BA5 /* Timer+CoreDataClass.swift in Sources */,
			);
			runOnlyForDeploymentPostprocessing = 0;
		};
/* End PBXSourcesBuildPhase section */

/* Begin PBXVariantGroup section */
		4AEB848F1EAA499F005B7C9D /* Main.storyboard */ = {
			isa = PBXVariantGroup;
			children = (
				4AEB84901EAA499F005B7C9D /* Base */,
			);
			name = Main.storyboard;
			sourceTree = "<group>";
		};
/* End PBXVariantGroup section */

/* Begin XCBuildConfiguration section */
		4AEEE2441EA6715300E3FC22 /* Debug */ = {
			isa = XCBuildConfiguration;
			buildSettings = {
				ALWAYS_SEARCH_USER_PATHS = NO;
				CLANG_ANALYZER_NONNULL = YES;
				CLANG_CXX_LANGUAGE_STANDARD = "gnu++0x";
				CLANG_CXX_LIBRARY = "libc++";
				CLANG_ENABLE_MODULES = YES;
				CLANG_ENABLE_OBJC_ARC = YES;
				CLANG_WARN_BOOL_CONVERSION = YES;
				CLANG_WARN_CONSTANT_CONVERSION = YES;
				CLANG_WARN_DIRECT_OBJC_ISA_USAGE = YES_ERROR;
				CLANG_WARN_DOCUMENTATION_COMMENTS = YES;
				CLANG_WARN_EMPTY_BODY = YES;
				CLANG_WARN_ENUM_CONVERSION = YES;
				CLANG_WARN_INFINITE_RECURSION = YES;
				CLANG_WARN_INT_CONVERSION = YES;
				CLANG_WARN_OBJC_ROOT_CLASS = YES_ERROR;
				CLANG_WARN_SUSPICIOUS_MOVE = YES;
				CLANG_WARN_UNREACHABLE_CODE = YES;
				CLANG_WARN__DUPLICATE_METHOD_MATCH = YES;
				"CODE_SIGN_IDENTITY[sdk=iphoneos*]" = "iPhone Developer";
				COPY_PHASE_STRIP = NO;
				DEBUG_INFORMATION_FORMAT = dwarf;
				ENABLE_STRICT_OBJC_MSGSEND = YES;
				ENABLE_TESTABILITY = YES;
				GCC_C_LANGUAGE_STANDARD = gnu99;
				GCC_DYNAMIC_NO_PIC = NO;
				GCC_NO_COMMON_BLOCKS = YES;
				GCC_OPTIMIZATION_LEVEL = 0;
				GCC_PREPROCESSOR_DEFINITIONS = (
					"DEBUG=1",
					"$(inherited)",
				);
				GCC_WARN_64_TO_32_BIT_CONVERSION = YES;
				GCC_WARN_ABOUT_RETURN_TYPE = YES_ERROR;
				GCC_WARN_UNDECLARED_SELECTOR = YES;
				GCC_WARN_UNINITIALIZED_AUTOS = YES_AGGRESSIVE;
				GCC_WARN_UNUSED_FUNCTION = YES;
				GCC_WARN_UNUSED_VARIABLE = YES;
				IPHONEOS_DEPLOYMENT_TARGET = 10.2;
				MTL_ENABLE_DEBUG_INFO = YES;
				ONLY_ACTIVE_ARCH = YES;
				SDKROOT = iphoneos;
				SWIFT_ACTIVE_COMPILATION_CONDITIONS = DEBUG;
				SWIFT_OPTIMIZATION_LEVEL = "-Onone";
			};
			name = Debug;
		};
		4AEEE2451EA6715300E3FC22 /* Release */ = {
			isa = XCBuildConfiguration;
			buildSettings = {
				ALWAYS_SEARCH_USER_PATHS = NO;
				CLANG_ANALYZER_NONNULL = YES;
				CLANG_CXX_LANGUAGE_STANDARD = "gnu++0x";
				CLANG_CXX_LIBRARY = "libc++";
				CLANG_ENABLE_MODULES = YES;
				CLANG_ENABLE_OBJC_ARC = YES;
				CLANG_WARN_BOOL_CONVERSION = YES;
				CLANG_WARN_CONSTANT_CONVERSION = YES;
				CLANG_WARN_DIRECT_OBJC_ISA_USAGE = YES_ERROR;
				CLANG_WARN_DOCUMENTATION_COMMENTS = YES;
				CLANG_WARN_EMPTY_BODY = YES;
				CLANG_WARN_ENUM_CONVERSION = YES;
				CLANG_WARN_INFINITE_RECURSION = YES;
				CLANG_WARN_INT_CONVERSION = YES;
				CLANG_WARN_OBJC_ROOT_CLASS = YES_ERROR;
				CLANG_WARN_SUSPICIOUS_MOVE = YES;
				CLANG_WARN_UNREACHABLE_CODE = YES;
				CLANG_WARN__DUPLICATE_METHOD_MATCH = YES;
				"CODE_SIGN_IDENTITY[sdk=iphoneos*]" = "iPhone Developer";
				COPY_PHASE_STRIP = NO;
				DEBUG_INFORMATION_FORMAT = "dwarf-with-dsym";
				ENABLE_NS_ASSERTIONS = NO;
				ENABLE_STRICT_OBJC_MSGSEND = YES;
				GCC_C_LANGUAGE_STANDARD = gnu99;
				GCC_NO_COMMON_BLOCKS = YES;
				GCC_WARN_64_TO_32_BIT_CONVERSION = YES;
				GCC_WARN_ABOUT_RETURN_TYPE = YES_ERROR;
				GCC_WARN_UNDECLARED_SELECTOR = YES;
				GCC_WARN_UNINITIALIZED_AUTOS = YES_AGGRESSIVE;
				GCC_WARN_UNUSED_FUNCTION = YES;
				GCC_WARN_UNUSED_VARIABLE = YES;
				IPHONEOS_DEPLOYMENT_TARGET = 10.2;
				MTL_ENABLE_DEBUG_INFO = NO;
				SDKROOT = iphoneos;
				SWIFT_OPTIMIZATION_LEVEL = "-Owholemodule";
				VALIDATE_PRODUCT = YES;
			};
			name = Release;
		};
		4AEEE2471EA6715300E3FC22 /* Debug */ = {
			isa = XCBuildConfiguration;
			baseConfigurationReference = 63799CD27DCC57CF23488C33 /* Pods-Boil Clock.debug.xcconfig */;
			buildSettings = {
				ASSETCATALOG_COMPILER_APPICON_NAME = AppIcon;
				DEVELOPMENT_TEAM = P99QFLTPH8;
				FRAMEWORK_SEARCH_PATHS = (
					"$(inherited)",
					"\"$PODS_CONFIGURATION_BUILD_DIR/Alamofire\"",
					"\"$PODS_CONFIGURATION_BUILD_DIR/AlamofireImage\"",
					"\"$PODS_CONFIGURATION_BUILD_DIR/SlideMenuController\"",
					"\"$PODS_CONFIGURATION_BUILD_DIR/SwiftSpinner\"",
					"\"$(SRCROOT)/../lib/\"",
				);
				INFOPLIST_FILE = Info.plist;
				IPHONEOS_DEPLOYMENT_TARGET = 10.0;
				LD_RUNPATH_SEARCH_PATHS = "$(inherited) @executable_path/Frameworks";
				PRODUCT_BUNDLE_IDENTIFIER = "anka.Boil-Clock";
				PRODUCT_NAME = "$(TARGET_NAME)";
				SWIFT_VERSION = 3.0;
			};
			name = Debug;
		};
		4AEEE2481EA6715300E3FC22 /* Release */ = {
			isa = XCBuildConfiguration;
			baseConfigurationReference = D9A7F7C46549D682644156F7 /* Pods-Boil Clock.release.xcconfig */;
			buildSettings = {
				ASSETCATALOG_COMPILER_APPICON_NAME = AppIcon;
				DEVELOPMENT_TEAM = P99QFLTPH8;
				FRAMEWORK_SEARCH_PATHS = (
					"$(inherited)",
					"\"$PODS_CONFIGURATION_BUILD_DIR/Alamofire\"",
					"\"$PODS_CONFIGURATION_BUILD_DIR/AlamofireImage\"",
					"\"$PODS_CONFIGURATION_BUILD_DIR/SlideMenuController\"",
					"\"$PODS_CONFIGURATION_BUILD_DIR/SwiftSpinner\"",
					"\"$(SRCROOT)/../lib/\"",
				);
				INFOPLIST_FILE = Info.plist;
				IPHONEOS_DEPLOYMENT_TARGET = 10.0;
				LD_RUNPATH_SEARCH_PATHS = "$(inherited) @executable_path/Frameworks";
				PRODUCT_BUNDLE_IDENTIFIER = "anka.Boil-Clock";
				PRODUCT_NAME = "$(TARGET_NAME)";
				SWIFT_VERSION = 3.0;
			};
			name = Release;
		};
/* End XCBuildConfiguration section */

/* Begin XCConfigurationList section */
		4AEEE22C1EA6715300E3FC22 /* Build configuration list for PBXProject "Boil Clock" */ = {
			isa = XCConfigurationList;
			buildConfigurations = (
				4AEEE2441EA6715300E3FC22 /* Debug */,
				4AEEE2451EA6715300E3FC22 /* Release */,
			);
			defaultConfigurationIsVisible = 0;
			defaultConfigurationName = Release;
		};
		4AEEE2461EA6715300E3FC22 /* Build configuration list for PBXNativeTarget "Boil Clock" */ = {
			isa = XCConfigurationList;
			buildConfigurations = (
				4AEEE2471EA6715300E3FC22 /* Debug */,
				4AEEE2481EA6715300E3FC22 /* Release */,
			);
			defaultConfigurationIsVisible = 0;
			defaultConfigurationName = Release;
		};
/* End XCConfigurationList section */

/* Begin XCVersionGroup section */
		4AEB84D41EAA4F36005B7C9D /* Boil_Clock.xcdatamodeld */ = {
			isa = XCVersionGroup;
			children = (
				4AEB84D51EAA4F36005B7C9D /* Boil_Clock.xcdatamodel */,
			);
			currentVersion = 4AEB84D51EAA4F36005B7C9D /* Boil_Clock.xcdatamodel */;
			path = Boil_Clock.xcdatamodeld;
			sourceTree = "<group>";
			versionGroupType = wrapper.xcdatamodel;
		};
/* End XCVersionGroup section */
	};
	rootObject = 4AEEE2291EA6715300E3FC22 /* Project object */;
}
